{
  "version": 4,
  "terraform_version": "1.5.7",
  "serial": 5,
  "lineage": "7d2b3243-3394-5b2d-d791-f96488f8d6c1",
  "outputs": {},
  "resources": [
    {
      "mode": "managed",
      "type": "google_logging_metric",
      "name": "kms_sign_errors",
      "provider": "provider[\"registry.terraform.io/hashicorp/google\"]",
      "instances": [
        {
          "schema_version": 0,
          "attributes": {
            "bucket_name": "",
            "bucket_options": [],
            "description": "Counts KMS/signature verification errors from functions",
            "disabled": false,
            "filter": "resource.type=\"cloud_run_revision\" AND resource.labels.service_name=(\"generatePdfReport\" OR \"verifySignatureEndpoint\") AND severity\u003e=ERROR AND (textPayload:\"KMS\" OR textPayload:\"sign\" OR textPayload:\"signature\")",
            "id": "kms_sign_errors",
            "label_extractors": null,
            "metric_descriptor": [
              {
                "display_name": "",
                "labels": [],
                "metric_kind": "DELTA",
                "unit": "1",
                "value_type": "INT64"
              }
            ],
            "name": "kms_sign_errors",
            "project": "ozen-staging-2025",
            "timeouts": null,
            "value_extractor": ""
          },
          "sensitive_attributes": [],
          "private": "eyJlMmJmYjczMC1lY2FhLTExZTYtOGY4OC0zNDM2M2JjN2M0YzAiOnsiY3JlYXRlIjoxMjAwMDAwMDAwMDAwLCJkZWxldGUiOjEyMDAwMDAwMDAwMDAsInVwZGF0ZSI6MTIwMDAwMDAwMDAwMH19"
        }
      ]
    },
    {
      "mode": "managed",
      "type": "google_monitoring_uptime_check_config",
      "name": "verify_endpoint",
      "provider": "provider[\"registry.terraform.io/hashicorp/google\"]",
      "instances": [
        {
          "schema_version": 0,
          "attributes": {
            "checker_type": "STATIC_IP_CHECKERS",
            "content_matchers": [],
            "display_name": "verifySignatureEndpoint uptime",
            "http_check": [
              {
                "accepted_response_status_codes": [],
                "auth_info": [],
                "body": "",
                "content_type": "",
                "headers": {},
                "mask_headers": false,
                "path": "/verifySignatureEndpoint?docId=wvmkrOoLneST6XFHGLXk",
                "port": 443,
                "request_method": "GET",
                "use_ssl": true,
                "validate_ssl": false
              }
            ],
            "id": "projects/ozen-staging-2025/uptimeCheckConfigs/verifysignatureendpoint-uptime-SmaYm_1Ciik",
            "monitored_resource": [
              {
                "labels": {
                  "host": "us-central1-ozen-staging-2025.cloudfunctions.net",
                  "project_id": "ozen-staging-2025"
                },
                "type": "uptime_url"
              }
            ],
            "name": "projects/ozen-staging-2025/uptimeCheckConfigs/verifysignatureendpoint-uptime-SmaYm_1Ciik",
            "period": "300s",
            "project": "ozen-staging-2025",
            "resource_group": [],
            "selected_regions": null,
            "synthetic_monitor": [],
            "tcp_check": [],
            "timeout": "10s",
            "timeouts": null,
            "uptime_check_id": "verifysignatureendpoint-uptime-SmaYm_1Ciik"
          },
          "sensitive_attributes": [],
          "private": "eyJlMmJmYjczMC1lY2FhLTExZTYtOGY4OC0zNDM2M2JjN2M0YzAiOnsiY3JlYXRlIjoxMjAwMDAwMDAwMDAwLCJkZWxldGUiOjEyMDAwMDAwMDAwMDAsInVwZGF0ZSI6MTIwMDAwMDAwMDAwMH19"
        }
      ]
    }
  ],
  "check_results": null
}
