{
  "version": 4,
  "terraform_version": "1.5.7",
  "serial": 8,
  "lineage": "7d2b3243-3394-5b2d-d791-f96488f8d6c1",
  "outputs": {},
  "resources": [
    {
      "mode": "managed",
      "type": "google_logging_metric",
      "name": "kms_sign_errors",
      "provider": "provider[\"registry.terraform.io/hashicorp/google\"]",
      "instances": [
        {
          "schema_version": 0,
          "attributes": {
            "bucket_name": "",
            "bucket_options": [],
            "description": "Counts KMS/signature verification errors from functions",
            "disabled": false,
            "filter": "resource.type=\"cloud_run_revision\" AND resource.labels.service_name=(\"generatePdfReport\" OR \"verifySignatureEndpoint\") AND severity\u003e=ERROR AND (textPayload:\"KMS\" OR textPayload:\"sign\" OR textPayload:\"signature\")",
            "id": "kms_sign_errors",
            "label_extractors": {},
            "metric_descriptor": [
              {
                "display_name": "",
                "labels": [],
                "metric_kind": "DELTA",
                "unit": "1",
                "value_type": "INT64"
              }
            ],
            "name": "kms_sign_errors",
            "project": "ozen-staging-2025",
            "timeouts": null,
            "value_extractor": ""
          },
          "sensitive_attributes": [],
          "private": "eyJlMmJmYjczMC1lY2FhLTExZTYtOGY4OC0zNDM2M2JjN2M0YzAiOnsiY3JlYXRlIjoxMjAwMDAwMDAwMDAwLCJkZWxldGUiOjEyMDAwMDAwMDAwMDAsInVwZGF0ZSI6MTIwMDAwMDAwMDAwMH19"
        }
      ]
    },
    {
      "mode": "managed",
      "type": "google_monitoring_alert_policy",
      "name": "kms_error_policy",
      "provider": "provider[\"registry.terraform.io/hashicorp/google\"]",
      "instances": [
        {
          "schema_version": 0,
          "attributes": {
            "alert_strategy": [],
            "combiner": "OR",
            "conditions": [
              {
                "condition_absent": [],
                "condition_matched_log": [],
                "condition_monitoring_query_language": [],
                "condition_prometheus_query_language": [],
                "condition_threshold": [
                  {
                    "aggregations": [
                      {
                        "alignment_period": "60s",
                        "cross_series_reducer": "",
                        "group_by_fields": null,
                        "per_series_aligner": "ALIGN_RATE"
                      }
                    ],
                    "comparison": "COMPARISON_GT",
                    "denominator_aggregations": [],
                    "denominator_filter": "",
                    "duration": "300s",
                    "evaluation_missing_data": "",
                    "filter": "metric.type=\"logging.googleapis.com/user/kms_sign_errors\" AND resource.type=\"cloud_run_revision\"",
                    "forecast_options": [],
                    "threshold_value": 0.05,
                    "trigger": [
                      {
                        "count": 1,
                        "percent": 0
                      }
                    ]
                  }
                ],
                "display_name": "KMS errors rate",
                "name": "projects/ozen-staging-2025/alertPolicies/9463279602767449543/conditions/9463279602767449064"
              }
            ],
            "creation_record": [
              {
                "mutate_time": "2025-12-20T09:39:43.093341097Z",
                "mutated_by": "mazortest13@gmail.com"
              }
            ],
            "display_name": "KMS sign/verification errors",
            "documentation": [],
            "enabled": true,
            "id": "projects/ozen-staging-2025/alertPolicies/9463279602767449543",
            "name": "projects/ozen-staging-2025/alertPolicies/9463279602767449543",
            "notification_channels": [],
            "project": "ozen-staging-2025",
            "timeouts": null,
            "user_labels": null
          },
          "sensitive_attributes": [],
          "private": "eyJlMmJmYjczMC1lY2FhLTExZTYtOGY4OC0zNDM2M2JjN2M0YzAiOnsiY3JlYXRlIjoxMjAwMDAwMDAwMDAwLCJkZWxldGUiOjEyMDAwMDAwMDAwMDAsInVwZGF0ZSI6MTIwMDAwMDAwMDAwMH19"
        }
      ]
    },
    {
      "mode": "managed",
      "type": "google_monitoring_dashboard",
      "name": "basic",
      "provider": "provider[\"registry.terraform.io/hashicorp/google\"]",
      "instances": [
        {
          "schema_version": 0,
          "attributes": {
            "dashboard_json": "{\"displayName\":\"OZEN Functions Overview\",\"etag\":\"893b90cd59ce67ddb9030b441c17a496\",\"gridLayout\":{\"columns\":\"2\",\"widgets\":[{\"title\":\"KMS Verification Errors\",\"xyChart\":{\"dataSets\":[{\"plotType\":\"LINE\",\"targetAxis\":\"Y1\",\"timeSeriesQuery\":{\"timeSeriesFilter\":{\"aggregation\":{\"alignmentPeriod\":\"60s\",\"crossSeriesReducer\":\"REDUCE_SUM\",\"perSeriesAligner\":\"ALIGN_RATE\"},\"filter\":\"metric.type=\\\"logging.googleapis.com/user/kms_sign_errors\\\" AND resource.type=\\\"cloud_run_revision\\\"\"}}}]}}]},\"name\":\"projects/981762472064/dashboards/5a7df8d6-701d-4143-aee7-c8192febd5f6\"}",
            "id": "projects/981762472064/dashboards/5a7df8d6-701d-4143-aee7-c8192febd5f6",
            "project": "ozen-staging-2025",
            "timeouts": null
          },
          "sensitive_attributes": [],
          "private": "eyJlMmJmYjczMC1lY2FhLTExZTYtOGY4OC0zNDM2M2JjN2M0YzAiOnsiY3JlYXRlIjoyNDAwMDAwMDAwMDAsImRlbGV0ZSI6MjQwMDAwMDAwMDAwLCJ1cGRhdGUiOjI0MDAwMDAwMDAwMH19"
        }
      ]
    },
    {
      "mode": "managed",
      "type": "google_monitoring_uptime_check_config",
      "name": "verify_endpoint",
      "provider": "provider[\"registry.terraform.io/hashicorp/google\"]",
      "instances": [
        {
          "schema_version": 0,
          "attributes": {
            "checker_type": "STATIC_IP_CHECKERS",
            "content_matchers": [],
            "display_name": "verifySignatureEndpoint uptime",
            "http_check": [
              {
                "accepted_response_status_codes": [],
                "auth_info": [],
                "body": "",
                "content_type": "",
                "headers": {},
                "mask_headers": false,
                "path": "/verifySignatureEndpoint?docId=wvmkrOoLneST6XFHGLXk",
                "port": 443,
                "request_method": "GET",
                "use_ssl": true,
                "validate_ssl": false
              }
            ],
            "id": "projects/ozen-staging-2025/uptimeCheckConfigs/verifysignatureendpoint-uptime-SmaYm_1Ciik",
            "monitored_resource": [
              {
                "labels": {
                  "host": "us-central1-ozen-staging-2025.cloudfunctions.net",
                  "project_id": "ozen-staging-2025"
                },
                "type": "uptime_url"
              }
            ],
            "name": "projects/ozen-staging-2025/uptimeCheckConfigs/verifysignatureendpoint-uptime-SmaYm_1Ciik",
            "period": "300s",
            "project": "ozen-staging-2025",
            "resource_group": [],
            "selected_regions": [],
            "synthetic_monitor": [],
            "tcp_check": [],
            "timeout": "10s",
            "timeouts": null,
            "uptime_check_id": "verifysignatureendpoint-uptime-SmaYm_1Ciik"
          },
          "sensitive_attributes": [],
          "private": "eyJlMmJmYjczMC1lY2FhLTExZTYtOGY4OC0zNDM2M2JjN2M0YzAiOnsiY3JlYXRlIjoxMjAwMDAwMDAwMDAwLCJkZWxldGUiOjEyMDAwMDAwMDAwMDAsInVwZGF0ZSI6MTIwMDAwMDAwMDAwMH19"
        }
      ]
    }
  ],
  "check_results": null
}
